// !$*UTF8*$!
{
	archiveVersion = 1;
	classes = {
	};
	objectVersion = 56;
	objects = {

/* Begin PBXBuildFile section */
		BE2C06982965098300C7A17D /* SyntacticSugar in Frameworks */ = {isa = PBXBuildFile; productRef = BE2C06972965098300C7A17D /* SyntacticSugar */; };
		BE33D3972964F4F600736CA7 /* AppDelegate.swift in Sources */ = {isa = PBXBuildFile; fileRef = BE33D3962964F4F600736CA7 /* AppDelegate.swift */; };
		BEFA11F929491832001DE330 /* Example_AppApp.swift in Sources */ = {isa = PBXBuildFile; fileRef = BEFA11F829491832001DE330 /* Example_AppApp.swift */; };
		BEFA11FB29491832001DE330 /* ContentView.swift in Sources */ = {isa = PBXBuildFile; fileRef = BEFA11FA29491832001DE330 /* ContentView.swift */; };
		BEFA11FD29491832001DE330 /* Assets.xcassets in Resources */ = {isa = PBXBuildFile; fileRef = BEFA11FC29491832001DE330 /* Assets.xcassets */; };
		BEFA120029491832001DE330 /* Preview Assets.xcassets in Resources */ = {isa = PBXBuildFile; fileRef = BEFA11FF29491832001DE330 /* Preview Assets.xcassets */; };
		BEFA120229491832001DE330 /* Persistence.swift in Sources */ = {isa = PBXBuildFile; fileRef = BEFA120129491832001DE330 /* Persistence.swift */; };
		BEFA120529491832001DE330 /* Example_App.xcdatamodeld in Sources */ = {isa = PBXBuildFile; fileRef = BEFA120329491832001DE330 /* Example_App.xcdatamodeld */; };
		BEFA1215294918B3001DE330 /* CoreDataPlus in Frameworks */ = {isa = PBXBuildFile; productRef = BEFA1214294918B3001DE330 /* CoreDataPlus */; };
		BEFA121929491916001DE330 /* Book.swift in Sources */ = {isa = PBXBuildFile; fileRef = BEFA121629491915001DE330 /* Book.swift */; };
		BEFA121A29491916001DE330 /* BookDetailView.swift in Sources */ = {isa = PBXBuildFile; fileRef = BEFA121729491916001DE330 /* BookDetailView.swift */; };
		BEFA121B29491916001DE330 /* Author.swift in Sources */ = {isa = PBXBuildFile; fileRef = BEFA121829491916001DE330 /* Author.swift */; };
/* End PBXBuildFile section */

/* Begin PBXFileReference section */
		BE33D3962964F4F600736CA7 /* AppDelegate.swift */ = {isa = PBXFileReference; fileEncoding = 4; lastKnownFileType = sourcecode.swift; path = AppDelegate.swift; sourceTree = "<group>"; };
		BEFA11F529491832001DE330 /* Example App.app */ = {isa = PBXFileReference; explicitFileType = wrapper.application; includeInIndex = 0; path = "Example App.app"; sourceTree = BUILT_PRODUCTS_DIR; };
		BEFA11F829491832001DE330 /* Example_AppApp.swift */ = {isa = PBXFileReference; lastKnownFileType = sourcecode.swift; path = Example_AppApp.swift; sourceTree = "<group>"; };
		BEFA11FA29491832001DE330 /* ContentView.swift */ = {isa = PBXFileReference; lastKnownFileType = sourcecode.swift; path = ContentView.swift; sourceTree = "<group>"; };
		BEFA11FC29491832001DE330 /* Assets.xcassets */ = {isa = PBXFileReference; lastKnownFileType = folder.assetcatalog; path = Assets.xcassets; sourceTree = "<group>"; };
		BEFA11FF29491832001DE330 /* Preview Assets.xcassets */ = {isa = PBXFileReference; lastKnownFileType = folder.assetcatalog; path = "Preview Assets.xcassets"; sourceTree = "<group>"; };
		BEFA120129491832001DE330 /* Persistence.swift */ = {isa = PBXFileReference; lastKnownFileType = sourcecode.swift; path = Persistence.swift; sourceTree = "<group>"; };
		BEFA120429491832001DE330 /* Example_App.xcdatamodel */ = {isa = PBXFileReference; lastKnownFileType = wrapper.xcdatamodel; path = Example_App.xcdatamodel; sourceTree = "<group>"; };
		BEFA12122949189B001DE330 /* CoreDataPlus */ = {isa = PBXFileReference; lastKnownFileType = wrapper; name = CoreDataPlus; path = ..; sourceTree = "<group>"; };
		BEFA121629491915001DE330 /* Book.swift */ = {isa = PBXFileReference; fileEncoding = 4; lastKnownFileType = sourcecode.swift; path = Book.swift; sourceTree = "<group>"; };
		BEFA121729491916001DE330 /* BookDetailView.swift */ = {isa = PBXFileReference; fileEncoding = 4; lastKnownFileType = sourcecode.swift; path = BookDetailView.swift; sourceTree = "<group>"; };
		BEFA121829491916001DE330 /* Author.swift */ = {isa = PBXFileReference; fileEncoding = 4; lastKnownFileType = sourcecode.swift; path = Author.swift; sourceTree = "<group>"; };
/* End PBXFileReference section */

/* Begin PBXFrameworksBuildPhase section */
		BEFA11F229491832001DE330 /* Frameworks */ = {
			isa = PBXFrameworksBuildPhase;
			buildActionMask = 2147483647;
			files = (
				BE2C06982965098300C7A17D /* SyntacticSugar in Frameworks */,
				BEFA1215294918B3001DE330 /* CoreDataPlus in Frameworks */,
			);
			runOnlyForDeploymentPostprocessing = 0;
		};
/* End PBXFrameworksBuildPhase section */

/* Begin PBXGroup section */
		BEFA11EC29491832001DE330 = {
			isa = PBXGroup;
			children = (
				BEFA12112949189B001DE330 /* Packages */,
				BEFA11F729491832001DE330 /* Example App */,
				BEFA11F629491832001DE330 /* Products */,
				BEFA1213294918B3001DE330 /* Frameworks */,
			);
			sourceTree = "<group>";
		};
		BEFA11F629491832001DE330 /* Products */ = {
			isa = PBXGroup;
			children = (
				BEFA11F529491832001DE330 /* Example App.app */,
			);
			name = Products;
			sourceTree = "<group>";
		};
		BEFA11F729491832001DE330 /* Example App */ = {
			isa = PBXGroup;
			children = (
				BEFA121829491916001DE330 /* Author.swift */,
				BEFA121629491915001DE330 /* Book.swift */,
				BEFA121729491916001DE330 /* BookDetailView.swift */,
				BE33D3962964F4F600736CA7 /* AppDelegate.swift */,
				BEFA11F829491832001DE330 /* Example_AppApp.swift */,
				BEFA11FA29491832001DE330 /* ContentView.swift */,
				BEFA11FC29491832001DE330 /* Assets.xcassets */,
				BEFA120129491832001DE330 /* Persistence.swift */,
				BEFA120329491832001DE330 /* Example_App.xcdatamodeld */,
				BEFA11FE29491832001DE330 /* Preview Content */,
			);
			path = "Example App";
			sourceTree = "<group>";
		};
		BEFA11FE29491832001DE330 /* Preview Content */ = {
			isa = PBXGroup;
			children = (
				BEFA11FF29491832001DE330 /* Preview Assets.xcassets */,
			);
			path = "Preview Content";
			sourceTree = "<group>";
		};
		BEFA12112949189B001DE330 /* Packages */ = {
			isa = PBXGroup;
			children = (
				BEFA12122949189B001DE330 /* CoreDataPlus */,
			);
			name = Packages;
			sourceTree = "<group>";
		};
		BEFA1213294918B3001DE330 /* Frameworks */ = {
			isa = PBXGroup;
			children = (
			);
			name = Frameworks;
			sourceTree = "<group>";
		};
/* End PBXGroup section */

/* Begin PBXNativeTarget section */
		BEFA11F429491832001DE330 /* Example App */ = {
			isa = PBXNativeTarget;
			buildConfigurationList = BEFA120829491832001DE330 /* Build configuration list for PBXNativeTarget "Example App" */;
			buildPhases = (
				BEFA11F129491832001DE330 /* Sources */,
				BEFA11F229491832001DE330 /* Frameworks */,
				BEFA11F329491832001DE330 /* Resources */,
			);
			buildRules = (
			);
			dependencies = (
			);
			name = "Example App";
			packageProductDependencies = (
				BEFA1214294918B3001DE330 /* CoreDataPlus */,
				BE2C06972965098300C7A17D /* SyntacticSugar */,
			);
			productName = "Example App";
			productReference = BEFA11F529491832001DE330 /* Example App.app */;
			productType = "com.apple.product-type.application";
		};
/* End PBXNativeTarget section */

/* Begin PBXProject section */
		BEFA11ED29491832001DE330 /* Project object */ = {
			isa = PBXProject;
			attributes = {
				BuildIndependentTargetsInParallel = 1;
				LastSwiftUpdateCheck = 1400;
				LastUpgradeCheck = 1400;
				TargetAttributes = {
					BEFA11F429491832001DE330 = {
						CreatedOnToolsVersion = 14.0.1;
					};
				};
			};
			buildConfigurationList = BEFA11F029491832001DE330 /* Build configuration list for PBXProject "Example App" */;
			compatibilityVersion = "Xcode 14.0";
			developmentRegion = en;
			hasScannedForEncodings = 0;
			knownRegions = (
				en,
				Base,
			);
			mainGroup = BEFA11EC29491832001DE330;
			productRefGroup = BEFA11F629491832001DE330 /* Products */;
			projectDirPath = "";
			projectRoot = "";
			targets = (
				BEFA11F429491832001DE330 /* Example App */,
			);
		};
/* End PBXProject section */

/* Begin PBXResourcesBuildPhase section */
		BEFA11F329491832001DE330 /* Resources */ = {
			isa = PBXResourcesBuildPhase;
			buildActionMask = 2147483647;
			files = (
				BEFA120029491832001DE330 /* Preview Assets.xcassets in Resources */,
				BEFA11FD29491832001DE330 /* Assets.xcassets in Resources */,
			);
			runOnlyForDeploymentPostprocessing = 0;
		};
/* End PBXResourcesBuildPhase section */

/* Begin PBXSourcesBuildPhase section */
		BEFA11F129491832001DE330 /* Sources */ = {
			isa = PBXSourcesBuildPhase;
			buildActionMask = 2147483647;
			files = (
				BE33D3972964F4F600736CA7 /* AppDelegate.swift in Sources */,
				BEFA120529491832001DE330 /* Example_App.xcdatamodeld in Sources */,
				BEFA120229491832001DE330 /* Persistence.swift in Sources */,
				BEFA11FB29491832001DE330 /* ContentView.swift in Sources */,
				BEFA121929491916001DE330 /* Book.swift in Sources */,
				BEFA121A29491916001DE330 /* BookDetailView.swift in Sources */,
				BEFA121B29491916001DE330 /* Author.swift in Sources */,
				BEFA11F929491832001DE330 /* Example_AppApp.swift in Sources */,
			);
			runOnlyForDeploymentPostprocessing = 0;
		};
/* End PBXSourcesBuildPhase section */

/* Begin XCBuildConfiguration section */
		BEFA120629491832001DE330 /* Debug */ = {
			isa = XCBuildConfiguration;
			buildSettings = {
				ALWAYS_SEARCH_USER_PATHS = NO;
				CLANG_ANALYZER_NONNULL = YES;
				CLANG_ANALYZER_NUMBER_OBJECT_CONVERSION = YES_AGGRESSIVE;
				CLANG_CXX_LANGUAGE_STANDARD = "gnu++20";
				CLANG_ENABLE_MODULES = YES;
				CLANG_ENABLE_OBJC_ARC = YES;
				CLANG_ENABLE_OBJC_WEAK = YES;
				CLANG_WARN_BLOCK_CAPTURE_AUTORELEASING = YES;
				CLANG_WARN_BOOL_CONVERSION = YES;
				CLANG_WARN_COMMA = YES;
				CLANG_WARN_CONSTANT_CONVERSION = YES;
				CLANG_WARN_DEPRECATED_OBJC_IMPLEMENTATIONS = YES;
				CLANG_WARN_DIRECT_OBJC_ISA_USAGE = YES_ERROR;
				CLANG_WARN_DOCUMENTATION_COMMENTS = YES;
				CLANG_WARN_EMPTY_BODY = YES;
				CLANG_WARN_ENUM_CONVERSION = YES;
				CLANG_WARN_INFINITE_RECURSION = YES;
				CLANG_WARN_INT_CONVERSION = YES;
				CLANG_WARN_NON_LITERAL_NULL_CONVERSION = YES;
				CLANG_WARN_OBJC_IMPLICIT_RETAIN_SELF = YES;
				CLANG_WARN_OBJC_LITERAL_CONVERSION = YES;
				CLANG_WARN_OBJC_ROOT_CLASS = YES_ERROR;
				CLANG_WARN_QUOTED_INCLUDE_IN_FRAMEWORK_HEADER = YES;
				CLANG_WARN_RANGE_LOOP_ANALYSIS = YES;
				CLANG_WARN_STRICT_PROTOTYPES = YES;
				CLANG_WARN_SUSPICIOUS_MOVE = YES;
				CLANG_WARN_UNGUARDED_AVAILABILITY = YES_AGGRESSIVE;
				CLANG_WARN_UNREACHABLE_CODE = YES;
				CLANG_WARN__DUPLICATE_METHOD_MATCH = YES;
				COPY_PHASE_STRIP = NO;
				DEBUG_INFORMATION_FORMAT = dwarf;
				ENABLE_STRICT_OBJC_MSGSEND = YES;
				ENABLE_TESTABILITY = YES;
				GCC_C_LANGUAGE_STANDARD = gnu11;
				GCC_DYNAMIC_NO_PIC = NO;
				GCC_NO_COMMON_BLOCKS = YES;
				GCC_OPTIMIZATION_LEVEL = 0;
				GCC_PREPROCESSOR_DEFINITIONS = (
					"DEBUG=1",
					"$(inherited)",
				);
				GCC_WARN_64_TO_32_BIT_CONVERSION = YES;
				GCC_WARN_ABOUT_RETURN_TYPE = YES_ERROR;
				GCC_WARN_UNDECLARED_SELECTOR = YES;
				GCC_WARN_UNINITIALIZED_AUTOS = YES_AGGRESSIVE;
				GCC_WARN_UNUSED_FUNCTION = YES;
				GCC_WARN_UNUSED_VARIABLE = YES;
				IPHONEOS_DEPLOYMENT_TARGET = 16.0;
				MTL_ENABLE_DEBUG_INFO = INCLUDE_SOURCE;
				MTL_FAST_MATH = YES;
				ONLY_ACTIVE_ARCH = YES;
				SDKROOT = iphoneos;
				SWIFT_ACTIVE_COMPILATION_CONDITIONS = DEBUG;
				SWIFT_OPTIMIZATION_LEVEL = "-Onone";
			};
			name = Debug;
		};
		BEFA120729491832001DE330 /* Release */ = {
			isa = XCBuildConfiguration;
			buildSettings = {
				ALWAYS_SEARCH_USER_PATHS = NO;
				CLANG_ANALYZER_NONNULL = YES;
				CLANG_ANALYZER_NUMBER_OBJECT_CONVERSION = YES_AGGRESSIVE;
				CLANG_CXX_LANGUAGE_STANDARD = "gnu++20";
				CLANG_ENABLE_MODULES = YES;
				CLANG_ENABLE_OBJC_ARC = YES;
				CLANG_ENABLE_OBJC_WEAK = YES;
				CLANG_WARN_BLOCK_CAPTURE_AUTORELEASING = YES;
				CLANG_WARN_BOOL_CONVERSION = YES;
				CLANG_WARN_COMMA = YES;
				CLANG_WARN_CONSTANT_CONVERSION = YES;
				CLANG_WARN_DEPRECATED_OBJC_IMPLEMENTATIONS = YES;
				CLANG_WARN_DIRECT_OBJC_ISA_USAGE = YES_ERROR;
				CLANG_WARN_DOCUMENTATION_COMMENTS = YES;
				CLANG_WARN_EMPTY_BODY = YES;
				CLANG_WARN_ENUM_CONVERSION = YES;
				CLANG_WARN_INFINITE_RECURSION = YES;
				CLANG_WARN_INT_CONVERSION = YES;
				CLANG_WARN_NON_LITERAL_NULL_CONVERSION = YES;
				CLANG_WARN_OBJC_IMPLICIT_RETAIN_SELF = YES;
				CLANG_WARN_OBJC_LITERAL_CONVERSION = YES;
				CLANG_WARN_OBJC_ROOT_CLASS = YES_ERROR;
				CLANG_WARN_QUOTED_INCLUDE_IN_FRAMEWORK_HEADER = YES;
				CLANG_WARN_RANGE_LOOP_ANALYSIS = YES;
				CLANG_WARN_STRICT_PROTOTYPES = YES;
				CLANG_WARN_SUSPICIOUS_MOVE = YES;
				CLANG_WARN_UNGUARDED_AVAILABILITY = YES_AGGRESSIVE;
				CLANG_WARN_UNREACHABLE_CODE = YES;
				CLANG_WARN__DUPLICATE_METHOD_MATCH = YES;
				COPY_PHASE_STRIP = NO;
				DEBUG_INFORMATION_FORMAT = "dwarf-with-dsym";
				ENABLE_NS_ASSERTIONS = NO;
				ENABLE_STRICT_OBJC_MSGSEND = YES;
				GCC_C_LANGUAGE_STANDARD = gnu11;
				GCC_NO_COMMON_BLOCKS = YES;
				GCC_WARN_64_TO_32_BIT_CONVERSION = YES;
				GCC_WARN_ABOUT_RETURN_TYPE = YES_ERROR;
				GCC_WARN_UNDECLARED_SELECTOR = YES;
				GCC_WARN_UNINITIALIZED_AUTOS = YES_AGGRESSIVE;
				GCC_WARN_UNUSED_FUNCTION = YES;
				GCC_WARN_UNUSED_VARIABLE = YES;
				IPHONEOS_DEPLOYMENT_TARGET = 16.0;
				MTL_ENABLE_DEBUG_INFO = NO;
				MTL_FAST_MATH = YES;
				SDKROOT = iphoneos;
				SWIFT_COMPILATION_MODE = wholemodule;
				SWIFT_OPTIMIZATION_LEVEL = "-O";
				VALIDATE_PRODUCT = YES;
			};
			name = Release;
		};
		BEFA120929491832001DE330 /* Debug */ = {
			isa = XCBuildConfiguration;
			buildSettings = {
				ASSETCATALOG_COMPILER_APPICON_NAME = AppIcon;
				ASSETCATALOG_COMPILER_GLOBAL_ACCENT_COLOR_NAME = AccentColor;
				CODE_SIGN_STYLE = Automatic;
				CURRENT_PROJECT_VERSION = 1;
				DEVELOPMENT_ASSET_PATHS = "\"Example App/Preview Content\"";
				DEVELOPMENT_TEAM = 63P2N3D9XL;
				ENABLE_PREVIEWS = YES;
				GENERATE_INFOPLIST_FILE = YES;
				INFOPLIST_KEY_UIApplicationSceneManifest_Generation = YES;
				INFOPLIST_KEY_UIApplicationSupportsIndirectInputEvents = YES;
				INFOPLIST_KEY_UILaunchScreen_Generation = YES;
				INFOPLIST_KEY_UISupportedInterfaceOrientations_iPad = "UIInterfaceOrientationPortrait UIInterfaceOrientationPortraitUpsideDown UIInterfaceOrientationLandscapeLeft UIInterfaceOrientationLandscapeRight";
				INFOPLIST_KEY_UISupportedInterfaceOrientations_iPhone = "UIInterfaceOrientationPortrait UIInterfaceOrientationLandscapeLeft UIInterfaceOrientationLandscapeRight";
				LD_RUNPATH_SEARCH_PATHS = (
					"$(inherited)",
					"@executable_path/Frameworks",
				);
				MARKETING_VERSION = 1.0;
				PRODUCT_BUNDLE_IDENTIFIER = "com.spnkr.coredataplus.Example-App";
				PRODUCT_NAME = "$(TARGET_NAME)";
				SWIFT_EMIT_LOC_STRINGS = YES;
				SWIFT_VERSION = 5.0;
				TARGETED_DEVICE_FAMILY = "1,2";
			};
			name = Debug;
		};
		BEFA120A29491832001DE330 /* Release */ = {
			isa = XCBuildConfiguration;
			buildSettings = {
				ASSETCATALOG_COMPILER_APPICON_NAME = AppIcon;
				ASSETCATALOG_COMPILER_GLOBAL_ACCENT_COLOR_NAME = AccentColor;
				CODE_SIGN_STYLE = Automatic;
				CURRENT_PROJECT_VERSION = 1;
				DEVELOPMENT_ASSET_PATHS = "\"Example App/Preview Content\"";
				DEVELOPMENT_TEAM = 63P2N3D9XL;
				ENABLE_PREVIEWS = YES;
				GENERATE_INFOPLIST_FILE = YES;
				INFOPLIST_KEY_UIApplicationSceneManifest_Generation = YES;
				INFOPLIST_KEY_UIApplicationSupportsIndirectInputEvents = YES;
				INFOPLIST_KEY_UILaunchScreen_Generation = YES;
				INFOPLIST_KEY_UISupportedInterfaceOrientations_iPad = "UIInterfaceOrientationPortrait UIInterfaceOrientationPortraitUpsideDown UIInterfaceOrientationLandscapeLeft UIInterfaceOrientationLandscapeRight";
				INFOPLIST_KEY_UISupportedInterfaceOrientations_iPhone = "UIInterfaceOrientationPortrait UIInterfaceOrientationLandscapeLeft UIInterfaceOrientationLandscapeRight";
				LD_RUNPATH_SEARCH_PATHS = (
					"$(inherited)",
					"@executable_path/Frameworks",
				);
				MARKETING_VERSION = 1.0;
				PRODUCT_BUNDLE_IDENTIFIER = "com.spnkr.coredataplus.Example-App";
				PRODUCT_NAME = "$(TARGET_NAME)";
				SWIFT_EMIT_LOC_STRINGS = YES;
				SWIFT_VERSION = 5.0;
				TARGETED_DEVICE_FAMILY = "1,2";
			};
			name = Release;
		};
/* End XCBuildConfiguration section */

/* Begin XCConfigurationList section */
		BEFA11F029491832001DE330 /* Build configuration list for PBXProject "Example App" */ = {
			isa = XCConfigurationList;
			buildConfigurations = (
				BEFA120629491832001DE330 /* Debug */,
				BEFA120729491832001DE330 /* Release */,
			);
			defaultConfigurationIsVisible = 0;
			defaultConfigurationName = Release;
		};
		BEFA120829491832001DE330 /* Build configuration list for PBXNativeTarget "Example App" */ = {
			isa = XCConfigurationList;
			buildConfigurations = (
				BEFA120929491832001DE330 /* Debug */,
				BEFA120A29491832001DE330 /* Release */,
			);
			defaultConfigurationIsVisible = 0;
			defaultConfigurationName = Release;
		};
/* End XCConfigurationList section */

/* Begin XCSwiftPackageProductDependency section */
		BE2C06972965098300C7A17D /* SyntacticSugar */ = {
			isa = XCSwiftPackageProductDependency;
			productName = SyntacticSugar;
		};
		BEFA1214294918B3001DE330 /* CoreDataPlus */ = {
			isa = XCSwiftPackageProductDependency;
			productName = CoreDataPlus;
		};
/* End XCSwiftPackageProductDependency section */

/* Begin XCVersionGroup section */
		BEFA120329491832001DE330 /* Example_App.xcdatamodeld */ = {
			isa = XCVersionGroup;
			children = (
				BEFA120429491832001DE330 /* Example_App.xcdatamodel */,
			);
			currentVersion = BEFA120429491832001DE330 /* Example_App.xcdatamodel */;
			path = Example_App.xcdatamodeld;
			sourceTree = "<group>";
			versionGroupType = wrapper.xcdatamodel;
		};
/* End XCVersionGroup section */
	};
	rootObject = BEFA11ED29491832001DE330 /* Project object */;
}
