// !$*UTF8*$!
{
	archiveVersion = 1;
	classes = {
	};
	objectVersion = 56;
	objects = {

/* Begin PBXBuildFile section */
		BED50E142909B37100B7C6C5 /* Example_AppApp.swift in Sources */ = {isa = PBXBuildFile; fileRef = BED50E132909B37100B7C6C5 /* Example_AppApp.swift */; };
		BED50E162909B37100B7C6C5 /* ContentView.swift in Sources */ = {isa = PBXBuildFile; fileRef = BED50E152909B37100B7C6C5 /* ContentView.swift */; };
		BED50E182909B37100B7C6C5 /* Assets.xcassets in Resources */ = {isa = PBXBuildFile; fileRef = BED50E172909B37100B7C6C5 /* Assets.xcassets */; };
		BED50E1B2909B37100B7C6C5 /* Preview Assets.xcassets in Resources */ = {isa = PBXBuildFile; fileRef = BED50E1A2909B37100B7C6C5 /* Preview Assets.xcassets */; };
		BED50E1D2909B37100B7C6C5 /* Persistence.swift in Sources */ = {isa = PBXBuildFile; fileRef = BED50E1C2909B37100B7C6C5 /* Persistence.swift */; };
		BED50E202909B37100B7C6C5 /* Example_App.xcdatamodeld in Sources */ = {isa = PBXBuildFile; fileRef = BED50E1E2909B37100B7C6C5 /* Example_App.xcdatamodeld */; };
		BED50E282909B50200B7C6C5 /* Book.swift in Sources */ = {isa = PBXBuildFile; fileRef = BED50E272909B50200B7C6C5 /* Book.swift */; };
		BED50E2A2909B50800B7C6C5 /* Author.swift in Sources */ = {isa = PBXBuildFile; fileRef = BED50E292909B50800B7C6C5 /* Author.swift */; };
		BED50E2D2909B87500B7C6C5 /* CoreDataPlus in Frameworks */ = {isa = PBXBuildFile; productRef = BED50E2C2909B87500B7C6C5 /* CoreDataPlus */; };
		BED50E2F2909BA9E00B7C6C5 /* BookDetailView.swift in Sources */ = {isa = PBXBuildFile; fileRef = BED50E2E2909BA9E00B7C6C5 /* BookDetailView.swift */; };
/* End PBXBuildFile section */

/* Begin PBXFileReference section */
		BED50E102909B37100B7C6C5 /* Example App.app */ = {isa = PBXFileReference; explicitFileType = wrapper.application; includeInIndex = 0; path = "Example App.app"; sourceTree = BUILT_PRODUCTS_DIR; };
		BED50E132909B37100B7C6C5 /* Example_AppApp.swift */ = {isa = PBXFileReference; lastKnownFileType = sourcecode.swift; path = Example_AppApp.swift; sourceTree = "<group>"; };
		BED50E152909B37100B7C6C5 /* ContentView.swift */ = {isa = PBXFileReference; lastKnownFileType = sourcecode.swift; path = ContentView.swift; sourceTree = "<group>"; };
		BED50E172909B37100B7C6C5 /* Assets.xcassets */ = {isa = PBXFileReference; lastKnownFileType = folder.assetcatalog; path = Assets.xcassets; sourceTree = "<group>"; };
		BED50E1A2909B37100B7C6C5 /* Preview Assets.xcassets */ = {isa = PBXFileReference; lastKnownFileType = folder.assetcatalog; path = "Preview Assets.xcassets"; sourceTree = "<group>"; };
		BED50E1C2909B37100B7C6C5 /* Persistence.swift */ = {isa = PBXFileReference; lastKnownFileType = sourcecode.swift; path = Persistence.swift; sourceTree = "<group>"; };
		BED50E1F2909B37100B7C6C5 /* Example_App.xcdatamodel */ = {isa = PBXFileReference; lastKnownFileType = wrapper.xcdatamodel; path = Example_App.xcdatamodel; sourceTree = "<group>"; };
		BED50E272909B50200B7C6C5 /* Book.swift */ = {isa = PBXFileReference; lastKnownFileType = sourcecode.swift; path = Book.swift; sourceTree = "<group>"; };
		BED50E292909B50800B7C6C5 /* Author.swift */ = {isa = PBXFileReference; lastKnownFileType = sourcecode.swift; path = Author.swift; sourceTree = "<group>"; };
		BED50E2E2909BA9E00B7C6C5 /* BookDetailView.swift */ = {isa = PBXFileReference; lastKnownFileType = sourcecode.swift; path = BookDetailView.swift; sourceTree = "<group>"; };
/* End PBXFileReference section */

/* Begin PBXFrameworksBuildPhase section */
		BED50E0D2909B37100B7C6C5 /* Frameworks */ = {
			isa = PBXFrameworksBuildPhase;
			buildActionMask = 2147483647;
			files = (
				BED50E2D2909B87500B7C6C5 /* CoreDataPlus in Frameworks */,
			);
			runOnlyForDeploymentPostprocessing = 0;
		};
/* End PBXFrameworksBuildPhase section */

/* Begin PBXGroup section */
		BED50E072909B37100B7C6C5 = {
			isa = PBXGroup;
			children = (
				BED50E122909B37100B7C6C5 /* Example App */,
				BED50E112909B37100B7C6C5 /* Products */,
				BED50E2B2909B87500B7C6C5 /* Frameworks */,
			);
			sourceTree = "<group>";
		};
		BED50E112909B37100B7C6C5 /* Products */ = {
			isa = PBXGroup;
			children = (
				BED50E102909B37100B7C6C5 /* Example App.app */,
			);
			name = Products;
			sourceTree = "<group>";
		};
		BED50E122909B37100B7C6C5 /* Example App */ = {
			isa = PBXGroup;
			children = (
				BED50E132909B37100B7C6C5 /* Example_AppApp.swift */,
				BED50E152909B37100B7C6C5 /* ContentView.swift */,
				BED50E2E2909BA9E00B7C6C5 /* BookDetailView.swift */,
				BED50E172909B37100B7C6C5 /* Assets.xcassets */,
				BED50E1C2909B37100B7C6C5 /* Persistence.swift */,
				BED50E272909B50200B7C6C5 /* Book.swift */,
				BED50E292909B50800B7C6C5 /* Author.swift */,
				BED50E1E2909B37100B7C6C5 /* Example_App.xcdatamodeld */,
				BED50E192909B37100B7C6C5 /* Preview Content */,
			);
			path = "Example App";
			sourceTree = "<group>";
		};
		BED50E192909B37100B7C6C5 /* Preview Content */ = {
			isa = PBXGroup;
			children = (
				BED50E1A2909B37100B7C6C5 /* Preview Assets.xcassets */,
			);
			path = "Preview Content";
			sourceTree = "<group>";
		};
		BED50E2B2909B87500B7C6C5 /* Frameworks */ = {
			isa = PBXGroup;
			children = (
			);
			name = Frameworks;
			sourceTree = "<group>";
		};
/* End PBXGroup section */

/* Begin PBXNativeTarget section */
		BED50E0F2909B37100B7C6C5 /* Example App */ = {
			isa = PBXNativeTarget;
			buildConfigurationList = BED50E232909B37100B7C6C5 /* Build configuration list for PBXNativeTarget "Example App" */;
			buildPhases = (
				BED50E0C2909B37100B7C6C5 /* Sources */,
				BED50E0D2909B37100B7C6C5 /* Frameworks */,
				BED50E0E2909B37100B7C6C5 /* Resources */,
			);
			buildRules = (
			);
			dependencies = (
			);
			name = "Example App";
			packageProductDependencies = (
				BED50E2C2909B87500B7C6C5 /* CoreDataPlus */,
			);
			productName = "Example App";
			productReference = BED50E102909B37100B7C6C5 /* Example App.app */;
			productType = "com.apple.product-type.application";
		};
/* End PBXNativeTarget section */

/* Begin PBXProject section */
		BED50E082909B37100B7C6C5 /* Project object */ = {
			isa = PBXProject;
			attributes = {
				BuildIndependentTargetsInParallel = 1;
				LastSwiftUpdateCheck = 1400;
				LastUpgradeCheck = 1400;
				TargetAttributes = {
					BED50E0F2909B37100B7C6C5 = {
						CreatedOnToolsVersion = 14.0.1;
					};
				};
			};
			buildConfigurationList = BED50E0B2909B37100B7C6C5 /* Build configuration list for PBXProject "Example App" */;
			compatibilityVersion = "Xcode 14.0";
			developmentRegion = en;
			hasScannedForEncodings = 0;
			knownRegions = (
				en,
				Base,
			);
			mainGroup = BED50E072909B37100B7C6C5;
			productRefGroup = BED50E112909B37100B7C6C5 /* Products */;
			projectDirPath = "";
			projectRoot = "";
			targets = (
				BED50E0F2909B37100B7C6C5 /* Example App */,
			);
		};
/* End PBXProject section */

/* Begin PBXResourcesBuildPhase section */
		BED50E0E2909B37100B7C6C5 /* Resources */ = {
			isa = PBXResourcesBuildPhase;
			buildActionMask = 2147483647;
			files = (
				BED50E1B2909B37100B7C6C5 /* Preview Assets.xcassets in Resources */,
				BED50E182909B37100B7C6C5 /* Assets.xcassets in Resources */,
			);
			runOnlyForDeploymentPostprocessing = 0;
		};
/* End PBXResourcesBuildPhase section */

/* Begin PBXSourcesBuildPhase section */
		BED50E0C2909B37100B7C6C5 /* Sources */ = {
			isa = PBXSourcesBuildPhase;
			buildActionMask = 2147483647;
			files = (
				BED50E2A2909B50800B7C6C5 /* Author.swift in Sources */,
				BED50E202909B37100B7C6C5 /* Example_App.xcdatamodeld in Sources */,
				BED50E1D2909B37100B7C6C5 /* Persistence.swift in Sources */,
				BED50E162909B37100B7C6C5 /* ContentView.swift in Sources */,
				BED50E282909B50200B7C6C5 /* Book.swift in Sources */,
				BED50E142909B37100B7C6C5 /* Example_AppApp.swift in Sources */,
				BED50E2F2909BA9E00B7C6C5 /* BookDetailView.swift in Sources */,
			);
			runOnlyForDeploymentPostprocessing = 0;
		};
/* End PBXSourcesBuildPhase section */

/* Begin XCBuildConfiguration section */
		BED50E212909B37100B7C6C5 /* Debug */ = {
			isa = XCBuildConfiguration;
			buildSettings = {
				ALWAYS_SEARCH_USER_PATHS = NO;
				CLANG_ANALYZER_NONNULL = YES;
				CLANG_ANALYZER_NUMBER_OBJECT_CONVERSION = YES_AGGRESSIVE;
				CLANG_CXX_LANGUAGE_STANDARD = "gnu++20";
				CLANG_ENABLE_MODULES = YES;
				CLANG_ENABLE_OBJC_ARC = YES;
				CLANG_ENABLE_OBJC_WEAK = YES;
				CLANG_WARN_BLOCK_CAPTURE_AUTORELEASING = YES;
				CLANG_WARN_BOOL_CONVERSION = YES;
				CLANG_WARN_COMMA = YES;
				CLANG_WARN_CONSTANT_CONVERSION = YES;
				CLANG_WARN_DEPRECATED_OBJC_IMPLEMENTATIONS = YES;
				CLANG_WARN_DIRECT_OBJC_ISA_USAGE = YES_ERROR;
				CLANG_WARN_DOCUMENTATION_COMMENTS = YES;
				CLANG_WARN_EMPTY_BODY = YES;
				CLANG_WARN_ENUM_CONVERSION = YES;
				CLANG_WARN_INFINITE_RECURSION = YES;
				CLANG_WARN_INT_CONVERSION = YES;
				CLANG_WARN_NON_LITERAL_NULL_CONVERSION = YES;
				CLANG_WARN_OBJC_IMPLICIT_RETAIN_SELF = YES;
				CLANG_WARN_OBJC_LITERAL_CONVERSION = YES;
				CLANG_WARN_OBJC_ROOT_CLASS = YES_ERROR;
				CLANG_WARN_QUOTED_INCLUDE_IN_FRAMEWORK_HEADER = YES;
				CLANG_WARN_RANGE_LOOP_ANALYSIS = YES;
				CLANG_WARN_STRICT_PROTOTYPES = YES;
				CLANG_WARN_SUSPICIOUS_MOVE = YES;
				CLANG_WARN_UNGUARDED_AVAILABILITY = YES_AGGRESSIVE;
				CLANG_WARN_UNREACHABLE_CODE = YES;
				CLANG_WARN__DUPLICATE_METHOD_MATCH = YES;
				COPY_PHASE_STRIP = NO;
				DEBUG_INFORMATION_FORMAT = dwarf;
				ENABLE_STRICT_OBJC_MSGSEND = YES;
				ENABLE_TESTABILITY = YES;
				GCC_C_LANGUAGE_STANDARD = gnu11;
				GCC_DYNAMIC_NO_PIC = NO;
				GCC_NO_COMMON_BLOCKS = YES;
				GCC_OPTIMIZATION_LEVEL = 0;
				GCC_PREPROCESSOR_DEFINITIONS = (
					"DEBUG=1",
					"$(inherited)",
				);
				GCC_WARN_64_TO_32_BIT_CONVERSION = YES;
				GCC_WARN_ABOUT_RETURN_TYPE = YES_ERROR;
				GCC_WARN_UNDECLARED_SELECTOR = YES;
				GCC_WARN_UNINITIALIZED_AUTOS = YES_AGGRESSIVE;
				GCC_WARN_UNUSED_FUNCTION = YES;
				GCC_WARN_UNUSED_VARIABLE = YES;
				IPHONEOS_DEPLOYMENT_TARGET = 16.0;
				MTL_ENABLE_DEBUG_INFO = INCLUDE_SOURCE;
				MTL_FAST_MATH = YES;
				ONLY_ACTIVE_ARCH = YES;
				SDKROOT = iphoneos;
				SWIFT_ACTIVE_COMPILATION_CONDITIONS = DEBUG;
				SWIFT_OPTIMIZATION_LEVEL = "-Onone";
			};
			name = Debug;
		};
		BED50E222909B37100B7C6C5 /* Release */ = {
			isa = XCBuildConfiguration;
			buildSettings = {
				ALWAYS_SEARCH_USER_PATHS = NO;
				CLANG_ANALYZER_NONNULL = YES;
				CLANG_ANALYZER_NUMBER_OBJECT_CONVERSION = YES_AGGRESSIVE;
				CLANG_CXX_LANGUAGE_STANDARD = "gnu++20";
				CLANG_ENABLE_MODULES = YES;
				CLANG_ENABLE_OBJC_ARC = YES;
				CLANG_ENABLE_OBJC_WEAK = YES;
				CLANG_WARN_BLOCK_CAPTURE_AUTORELEASING = YES;
				CLANG_WARN_BOOL_CONVERSION = YES;
				CLANG_WARN_COMMA = YES;
				CLANG_WARN_CONSTANT_CONVERSION = YES;
				CLANG_WARN_DEPRECATED_OBJC_IMPLEMENTATIONS = YES;
				CLANG_WARN_DIRECT_OBJC_ISA_USAGE = YES_ERROR;
				CLANG_WARN_DOCUMENTATION_COMMENTS = YES;
				CLANG_WARN_EMPTY_BODY = YES;
				CLANG_WARN_ENUM_CONVERSION = YES;
				CLANG_WARN_INFINITE_RECURSION = YES;
				CLANG_WARN_INT_CONVERSION = YES;
				CLANG_WARN_NON_LITERAL_NULL_CONVERSION = YES;
				CLANG_WARN_OBJC_IMPLICIT_RETAIN_SELF = YES;
				CLANG_WARN_OBJC_LITERAL_CONVERSION = YES;
				CLANG_WARN_OBJC_ROOT_CLASS = YES_ERROR;
				CLANG_WARN_QUOTED_INCLUDE_IN_FRAMEWORK_HEADER = YES;
				CLANG_WARN_RANGE_LOOP_ANALYSIS = YES;
				CLANG_WARN_STRICT_PROTOTYPES = YES;
				CLANG_WARN_SUSPICIOUS_MOVE = YES;
				CLANG_WARN_UNGUARDED_AVAILABILITY = YES_AGGRESSIVE;
				CLANG_WARN_UNREACHABLE_CODE = YES;
				CLANG_WARN__DUPLICATE_METHOD_MATCH = YES;
				COPY_PHASE_STRIP = NO;
				DEBUG_INFORMATION_FORMAT = "dwarf-with-dsym";
				ENABLE_NS_ASSERTIONS = NO;
				ENABLE_STRICT_OBJC_MSGSEND = YES;
				GCC_C_LANGUAGE_STANDARD = gnu11;
				GCC_NO_COMMON_BLOCKS = YES;
				GCC_WARN_64_TO_32_BIT_CONVERSION = YES;
				GCC_WARN_ABOUT_RETURN_TYPE = YES_ERROR;
				GCC_WARN_UNDECLARED_SELECTOR = YES;
				GCC_WARN_UNINITIALIZED_AUTOS = YES_AGGRESSIVE;
				GCC_WARN_UNUSED_FUNCTION = YES;
				GCC_WARN_UNUSED_VARIABLE = YES;
				IPHONEOS_DEPLOYMENT_TARGET = 16.0;
				MTL_ENABLE_DEBUG_INFO = NO;
				MTL_FAST_MATH = YES;
				SDKROOT = iphoneos;
				SWIFT_COMPILATION_MODE = wholemodule;
				SWIFT_OPTIMIZATION_LEVEL = "-O";
				VALIDATE_PRODUCT = YES;
			};
			name = Release;
		};
		BED50E242909B37100B7C6C5 /* Debug */ = {
			isa = XCBuildConfiguration;
			buildSettings = {
				ASSETCATALOG_COMPILER_APPICON_NAME = AppIcon;
				ASSETCATALOG_COMPILER_GLOBAL_ACCENT_COLOR_NAME = AccentColor;
				CODE_SIGN_STYLE = Automatic;
				CURRENT_PROJECT_VERSION = 1;
				DEVELOPMENT_ASSET_PATHS = "\"Example App/Preview Content\"";
				DEVELOPMENT_TEAM = 63P2N3D9XL;
				ENABLE_PREVIEWS = YES;
				GENERATE_INFOPLIST_FILE = YES;
				INFOPLIST_KEY_UIApplicationSceneManifest_Generation = YES;
				INFOPLIST_KEY_UIApplicationSupportsIndirectInputEvents = YES;
				INFOPLIST_KEY_UILaunchScreen_Generation = YES;
				INFOPLIST_KEY_UISupportedInterfaceOrientations_iPad = "UIInterfaceOrientationPortrait UIInterfaceOrientationPortraitUpsideDown UIInterfaceOrientationLandscapeLeft UIInterfaceOrientationLandscapeRight";
				INFOPLIST_KEY_UISupportedInterfaceOrientations_iPhone = "UIInterfaceOrientationPortrait UIInterfaceOrientationLandscapeLeft UIInterfaceOrientationLandscapeRight";
				LD_RUNPATH_SEARCH_PATHS = (
					"$(inherited)",
					"@executable_path/Frameworks",
				);
				MARKETING_VERSION = 1.0;
				PRODUCT_BUNDLE_IDENTIFIER = "la.sgr.Example-App";
				PRODUCT_NAME = "$(TARGET_NAME)";
				SWIFT_EMIT_LOC_STRINGS = YES;
				SWIFT_VERSION = 5.0;
				TARGETED_DEVICE_FAMILY = "1,2";
			};
			name = Debug;
		};
		BED50E252909B37100B7C6C5 /* Release */ = {
			isa = XCBuildConfiguration;
			buildSettings = {
				ASSETCATALOG_COMPILER_APPICON_NAME = AppIcon;
				ASSETCATALOG_COMPILER_GLOBAL_ACCENT_COLOR_NAME = AccentColor;
				CODE_SIGN_STYLE = Automatic;
				CURRENT_PROJECT_VERSION = 1;
				DEVELOPMENT_ASSET_PATHS = "\"Example App/Preview Content\"";
				DEVELOPMENT_TEAM = 63P2N3D9XL;
				ENABLE_PREVIEWS = YES;
				GENERATE_INFOPLIST_FILE = YES;
				INFOPLIST_KEY_UIApplicationSceneManifest_Generation = YES;
				INFOPLIST_KEY_UIApplicationSupportsIndirectInputEvents = YES;
				INFOPLIST_KEY_UILaunchScreen_Generation = YES;
				INFOPLIST_KEY_UISupportedInterfaceOrientations_iPad = "UIInterfaceOrientationPortrait UIInterfaceOrientationPortraitUpsideDown UIInterfaceOrientationLandscapeLeft UIInterfaceOrientationLandscapeRight";
				INFOPLIST_KEY_UISupportedInterfaceOrientations_iPhone = "UIInterfaceOrientationPortrait UIInterfaceOrientationLandscapeLeft UIInterfaceOrientationLandscapeRight";
				LD_RUNPATH_SEARCH_PATHS = (
					"$(inherited)",
					"@executable_path/Frameworks",
				);
				MARKETING_VERSION = 1.0;
				PRODUCT_BUNDLE_IDENTIFIER = "la.sgr.Example-App";
				PRODUCT_NAME = "$(TARGET_NAME)";
				SWIFT_EMIT_LOC_STRINGS = YES;
				SWIFT_VERSION = 5.0;
				TARGETED_DEVICE_FAMILY = "1,2";
			};
			name = Release;
		};
/* End XCBuildConfiguration section */

/* Begin XCConfigurationList section */
		BED50E0B2909B37100B7C6C5 /* Build configuration list for PBXProject "Example App" */ = {
			isa = XCConfigurationList;
			buildConfigurations = (
				BED50E212909B37100B7C6C5 /* Debug */,
				BED50E222909B37100B7C6C5 /* Release */,
			);
			defaultConfigurationIsVisible = 0;
			defaultConfigurationName = Release;
		};
		BED50E232909B37100B7C6C5 /* Build configuration list for PBXNativeTarget "Example App" */ = {
			isa = XCConfigurationList;
			buildConfigurations = (
				BED50E242909B37100B7C6C5 /* Debug */,
				BED50E252909B37100B7C6C5 /* Release */,
			);
			defaultConfigurationIsVisible = 0;
			defaultConfigurationName = Release;
		};
/* End XCConfigurationList section */

/* Begin XCSwiftPackageProductDependency section */
		BED50E2C2909B87500B7C6C5 /* CoreDataPlus */ = {
			isa = XCSwiftPackageProductDependency;
			productName = CoreDataPlus;
		};
/* End XCSwiftPackageProductDependency section */

/* Begin XCVersionGroup section */
		BED50E1E2909B37100B7C6C5 /* Example_App.xcdatamodeld */ = {
			isa = XCVersionGroup;
			children = (
				BED50E1F2909B37100B7C6C5 /* Example_App.xcdatamodel */,
			);
			currentVersion = BED50E1F2909B37100B7C6C5 /* Example_App.xcdatamodel */;
			path = Example_App.xcdatamodeld;
			sourceTree = "<group>";
			versionGroupType = wrapper.xcdatamodel;
		};
/* End XCVersionGroup section */
	};
	rootObject = BED50E082909B37100B7C6C5 /* Project object */;
}
